
Microsoft Visual Studio Solution File, Format Version 12.00
# Visual Studio Version 17
VisualStudioVersion = 17.9.34728.123
MinimumVisualStudioVersion = 10.0.40219.1
Project("{FAE04EC0-301F-11D3-BF4B-00C04F79EFBC}") = "Zainab", "Zainab.csproj", "{99A79437-8B53-479B-8288-1D4E53FF9109}"
EndProject
Global
	GlobalSection(SolutionConfigurationPlatforms) = preSolution
		Debug|Any CPU = Debug|Any CPU
		Release|Any CPU = Release|Any CPU
	EndGlobalSection
	GlobalSection(ProjectConfigurationPlatforms) = postSolution
		{99A79437-8B53-479B-8288-1D4E53FF9109}.Debug|Any CPU.ActiveCfg = Debug|Any CPU
		{99A79437-8B53-479B-8288-1D4E53FF9109}.Debug|Any CPU.Build.0 = Debug|Any CPU
		{99A79437-8B53-479B-8288-1D4E53FF9109}.Release|Any CPU.ActiveCfg = Release|Any CPU
		{99A79437-8B53-479B-8288-1D4E53FF9109}.Release|Any CPU.Build.0 = Release|Any CPU
	EndGlobalSection
	GlobalSection(SolutionProperties) = preSolution
		HideSolutionNode = FALSE
	EndGlobalSection
	GlobalSection(ExtensibilityGlobals) = postSolution
		SolutionGuid = {3C0AB9E4-6EDD-439C-9AFB-7682C2CE9EF0}
	EndGlobalSection
EndGlobal
